
Microsoft Visual Studio Solution File, Format Version 12.00
# Visual Studio 15
VisualStudioVersion = 15.0.26430.12
MinimumVisualStudioVersion = 10.0.40219.1
Project("{FAE04EC0-301F-11D3-BF4B-00C04F79EFBC}") = "HOUNDDOG_GUI", "HOUNDDOG_GUI.csproj", "{E08ADA98-D477-416C-9E9F-1C34B04B3804}"
EndProject
Project("{FAE04EC0-301F-11D3-BF4B-00C04F79EFBC}") = "Core40", "LiveCharts\Core40\Core40.csproj", "{F261C3D7-6194-4625-9516-044081B06028}"
EndProject
Project("{FAE04EC0-301F-11D3-BF4B-00C04F79EFBC}") = "WinFormsView", "LiveCharts\WinFormsView\WinFormsView.csproj", "{45E67C4F-88DF-4617-ACB1-B54C5DBF8390}"
EndProject
Project("{FAE04EC0-301F-11D3-BF4B-00C04F79EFBC}") = "WpfView", "LiveCharts\WpfView\WpfView.csproj", "{4D253423-AE05-47F6-A59D-9162EC0BB1F2}"
EndProject
Project("{FAE04EC0-301F-11D3-BF4B-00C04F79EFBC}") = "Core", "LiveCharts\Core\Core.csproj", "{D447642C-A85F-4AB0-96D9-C66CFF91AADA}"
EndProject
Global
	GlobalSection(SolutionConfigurationPlatforms) = preSolution
		arm|Any CPU = arm|Any CPU
		arm|ARM = arm|ARM
		arm|x64 = arm|x64
		arm|x86 = arm|x86
		Debug|Any CPU = Debug|Any CPU
		Debug|ARM = Debug|ARM
		Debug|x64 = Debug|x64
		Debug|x86 = Debug|x86
		DefaultBuild|Any CPU = DefaultBuild|Any CPU
		DefaultBuild|ARM = DefaultBuild|ARM
		DefaultBuild|x64 = DefaultBuild|x64
		DefaultBuild|x86 = DefaultBuild|x86
		r64|Any CPU = r64|Any CPU
		r64|ARM = r64|ARM
		r64|x64 = r64|x64
		r64|x86 = r64|x86
		r86|Any CPU = r86|Any CPU
		r86|ARM = r86|ARM
		r86|x64 = r86|x64
		r86|x86 = r86|x86
		Release|Any CPU = Release|Any CPU
		Release|ARM = Release|ARM
		Release|x64 = Release|x64
		Release|x86 = Release|x86
	EndGlobalSection
	GlobalSection(ProjectConfigurationPlatforms) = postSolution
		{E08ADA98-D477-416C-9E9F-1C34B04B3804}.arm|Any CPU.ActiveCfg = Release|Any CPU
		{E08ADA98-D477-416C-9E9F-1C34B04B3804}.arm|Any CPU.Build.0 = Release|Any CPU
		{E08ADA98-D477-416C-9E9F-1C34B04B3804}.arm|ARM.ActiveCfg = Release|Any CPU
		{E08ADA98-D477-416C-9E9F-1C34B04B3804}.arm|ARM.Build.0 = Release|Any CPU
		{E08ADA98-D477-416C-9E9F-1C34B04B3804}.arm|x64.ActiveCfg = Release|Any CPU
		{E08ADA98-D477-416C-9E9F-1C34B04B3804}.arm|x64.Build.0 = Release|Any CPU
		{E08ADA98-D477-416C-9E9F-1C34B04B3804}.arm|x86.ActiveCfg = Release|Any CPU
		{E08ADA98-D477-416C-9E9F-1C34B04B3804}.arm|x86.Build.0 = Release|Any CPU
		{E08ADA98-D477-416C-9E9F-1C34B04B3804}.Debug|Any CPU.ActiveCfg = Debug|Any CPU
		{E08ADA98-D477-416C-9E9F-1C34B04B3804}.Debug|Any CPU.Build.0 = Debug|Any CPU
		{E08ADA98-D477-416C-9E9F-1C34B04B3804}.Debug|ARM.ActiveCfg = Debug|Any CPU
		{E08ADA98-D477-416C-9E9F-1C34B04B3804}.Debug|ARM.Build.0 = Debug|Any CPU
		{E08ADA98-D477-416C-9E9F-1C34B04B3804}.Debug|x64.ActiveCfg = Debug|Any CPU
		{E08ADA98-D477-416C-9E9F-1C34B04B3804}.Debug|x64.Build.0 = Debug|Any CPU
		{E08ADA98-D477-416C-9E9F-1C34B04B3804}.Debug|x86.ActiveCfg = Debug|Any CPU
		{E08ADA98-D477-416C-9E9F-1C34B04B3804}.Debug|x86.Build.0 = Debug|Any CPU
		{E08ADA98-D477-416C-9E9F-1C34B04B3804}.DefaultBuild|Any CPU.ActiveCfg = Debug|Any CPU
		{E08ADA98-D477-416C-9E9F-1C34B04B3804}.DefaultBuild|Any CPU.Build.0 = Debug|Any CPU
		{E08ADA98-D477-416C-9E9F-1C34B04B3804}.DefaultBuild|ARM.ActiveCfg = Debug|Any CPU
		{E08ADA98-D477-416C-9E9F-1C34B04B3804}.DefaultBuild|ARM.Build.0 = Debug|Any CPU
		{E08ADA98-D477-416C-9E9F-1C34B04B3804}.DefaultBuild|x64.ActiveCfg = Debug|Any CPU
		{E08ADA98-D477-416C-9E9F-1C34B04B3804}.DefaultBuild|x64.Build.0 = Debug|Any CPU
		{E08ADA98-D477-416C-9E9F-1C34B04B3804}.DefaultBuild|x86.ActiveCfg = Debug|Any CPU
		{E08ADA98-D477-416C-9E9F-1C34B04B3804}.DefaultBuild|x86.Build.0 = Debug|Any CPU
		{E08ADA98-D477-416C-9E9F-1C34B04B3804}.r64|Any CPU.ActiveCfg = Release|Any CPU
		{E08ADA98-D477-416C-9E9F-1C34B04B3804}.r64|Any CPU.Build.0 = Release|Any CPU
		{E08ADA98-D477-416C-9E9F-1C34B04B3804}.r64|ARM.ActiveCfg = Release|Any CPU
		{E08ADA98-D477-416C-9E9F-1C34B04B3804}.r64|ARM.Build.0 = Release|Any CPU
		{E08ADA98-D477-416C-9E9F-1C34B04B3804}.r64|x64.ActiveCfg = Release|Any CPU
		{E08ADA98-D477-416C-9E9F-1C34B04B3804}.r64|x64.Build.0 = Release|Any CPU
		{E08ADA98-D477-416C-9E9F-1C34B04B3804}.r64|x86.ActiveCfg = Release|Any CPU
		{E08ADA98-D477-416C-9E9F-1C34B04B3804}.r64|x86.Build.0 = Release|Any CPU
		{E08ADA98-D477-416C-9E9F-1C34B04B3804}.r86|Any CPU.ActiveCfg = Release|Any CPU
		{E08ADA98-D477-416C-9E9F-1C34B04B3804}.r86|Any CPU.Build.0 = Release|Any CPU
		{E08ADA98-D477-416C-9E9F-1C34B04B3804}.r86|ARM.ActiveCfg = Release|Any CPU
		{E08ADA98-D477-416C-9E9F-1C34B04B3804}.r86|ARM.Build.0 = Release|Any CPU
		{E08ADA98-D477-416C-9E9F-1C34B04B3804}.r86|x64.ActiveCfg = Release|Any CPU
		{E08ADA98-D477-416C-9E9F-1C34B04B3804}.r86|x64.Build.0 = Release|Any CPU
		{E08ADA98-D477-416C-9E9F-1C34B04B3804}.r86|x86.ActiveCfg = Release|Any CPU
		{E08ADA98-D477-416C-9E9F-1C34B04B3804}.r86|x86.Build.0 = Release|Any CPU
		{E08ADA98-D477-416C-9E9F-1C34B04B3804}.Release|Any CPU.ActiveCfg = Release|Any CPU
		{E08ADA98-D477-416C-9E9F-1C34B04B3804}.Release|Any CPU.Build.0 = Release|Any CPU
		{E08ADA98-D477-416C-9E9F-1C34B04B3804}.Release|ARM.ActiveCfg = Release|Any CPU
		{E08ADA98-D477-416C-9E9F-1C34B04B3804}.Release|ARM.Build.0 = Release|Any CPU
		{E08ADA98-D477-416C-9E9F-1C34B04B3804}.Release|x64.ActiveCfg = Release|Any CPU
		{E08ADA98-D477-416C-9E9F-1C34B04B3804}.Release|x64.Build.0 = Release|Any CPU
		{E08ADA98-D477-416C-9E9F-1C34B04B3804}.Release|x86.ActiveCfg = Release|Any CPU
		{E08ADA98-D477-416C-9E9F-1C34B04B3804}.Release|x86.Build.0 = Release|Any CPU
		{F261C3D7-6194-4625-9516-044081B06028}.arm|Any CPU.ActiveCfg = Release|Any CPU
		{F261C3D7-6194-4625-9516-044081B06028}.arm|Any CPU.Build.0 = Release|Any CPU
		{F261C3D7-6194-4625-9516-044081B06028}.arm|ARM.ActiveCfg = Release|Any CPU
		{F261C3D7-6194-4625-9516-044081B06028}.arm|ARM.Build.0 = Release|Any CPU
		{F261C3D7-6194-4625-9516-044081B06028}.arm|x64.ActiveCfg = Release|Any CPU
		{F261C3D7-6194-4625-9516-044081B06028}.arm|x64.Build.0 = Release|Any CPU
		{F261C3D7-6194-4625-9516-044081B06028}.arm|x86.ActiveCfg = Release|Any CPU
		{F261C3D7-6194-4625-9516-044081B06028}.arm|x86.Build.0 = Release|Any CPU
		{F261C3D7-6194-4625-9516-044081B06028}.Debug|Any CPU.ActiveCfg = Debug|Any CPU
		{F261C3D7-6194-4625-9516-044081B06028}.Debug|Any CPU.Build.0 = Debug|Any CPU
		{F261C3D7-6194-4625-9516-044081B06028}.Debug|ARM.ActiveCfg = Debug|Any CPU
		{F261C3D7-6194-4625-9516-044081B06028}.Debug|ARM.Build.0 = Debug|Any CPU
		{F261C3D7-6194-4625-9516-044081B06028}.Debug|x64.ActiveCfg = Debug|Any CPU
		{F261C3D7-6194-4625-9516-044081B06028}.Debug|x64.Build.0 = Debug|Any CPU
		{F261C3D7-6194-4625-9516-044081B06028}.Debug|x86.ActiveCfg = Debug|Any CPU
		{F261C3D7-6194-4625-9516-044081B06028}.Debug|x86.Build.0 = Debug|Any CPU
		{F261C3D7-6194-4625-9516-044081B06028}.DefaultBuild|Any CPU.ActiveCfg = Debug|Any CPU
		{F261C3D7-6194-4625-9516-044081B06028}.DefaultBuild|Any CPU.Build.0 = Debug|Any CPU
		{F261C3D7-6194-4625-9516-044081B06028}.DefaultBuild|ARM.ActiveCfg = Debug|Any CPU
		{F261C3D7-6194-4625-9516-044081B06028}.DefaultBuild|ARM.Build.0 = Debug|Any CPU
		{F261C3D7-6194-4625-9516-044081B06028}.DefaultBuild|x64.ActiveCfg = Debug|Any CPU
		{F261C3D7-6194-4625-9516-044081B06028}.DefaultBuild|x64.Build.0 = Debug|Any CPU
		{F261C3D7-6194-4625-9516-044081B06028}.DefaultBuild|x86.ActiveCfg = Debug|Any CPU
		{F261C3D7-6194-4625-9516-044081B06028}.DefaultBuild|x86.Build.0 = Debug|Any CPU
		{F261C3D7-6194-4625-9516-044081B06028}.r64|Any CPU.ActiveCfg = Release|Any CPU
		{F261C3D7-6194-4625-9516-044081B06028}.r64|Any CPU.Build.0 = Release|Any CPU
		{F261C3D7-6194-4625-9516-044081B06028}.r64|ARM.ActiveCfg = Release|Any CPU
		{F261C3D7-6194-4625-9516-044081B06028}.r64|ARM.Build.0 = Release|Any CPU
		{F261C3D7-6194-4625-9516-044081B06028}.r64|x64.ActiveCfg = Release|Any CPU
		{F261C3D7-6194-4625-9516-044081B06028}.r64|x64.Build.0 = Release|Any CPU
		{F261C3D7-6194-4625-9516-044081B06028}.r64|x86.ActiveCfg = Release|Any CPU
		{F261C3D7-6194-4625-9516-044081B06028}.r64|x86.Build.0 = Release|Any CPU
		{F261C3D7-6194-4625-9516-044081B06028}.r86|Any CPU.ActiveCfg = Release|Any CPU
		{F261C3D7-6194-4625-9516-044081B06028}.r86|Any CPU.Build.0 = Release|Any CPU
		{F261C3D7-6194-4625-9516-044081B06028}.r86|ARM.ActiveCfg = Release|Any CPU
		{F261C3D7-6194-4625-9516-044081B06028}.r86|ARM.Build.0 = Release|Any CPU
		{F261C3D7-6194-4625-9516-044081B06028}.r86|x64.ActiveCfg = Release|Any CPU
		{F261C3D7-6194-4625-9516-044081B06028}.r86|x64.Build.0 = Release|Any CPU
		{F261C3D7-6194-4625-9516-044081B06028}.r86|x86.ActiveCfg = Release|Any CPU
		{F261C3D7-6194-4625-9516-044081B06028}.r86|x86.Build.0 = Release|Any CPU
		{F261C3D7-6194-4625-9516-044081B06028}.Release|Any CPU.ActiveCfg = Release|Any CPU
		{F261C3D7-6194-4625-9516-044081B06028}.Release|Any CPU.Build.0 = Release|Any CPU
		{F261C3D7-6194-4625-9516-044081B06028}.Release|ARM.ActiveCfg = Release|Any CPU
		{F261C3D7-6194-4625-9516-044081B06028}.Release|ARM.Build.0 = Release|Any CPU
		{F261C3D7-6194-4625-9516-044081B06028}.Release|x64.ActiveCfg = Release|Any CPU
		{F261C3D7-6194-4625-9516-044081B06028}.Release|x64.Build.0 = Release|Any CPU
		{F261C3D7-6194-4625-9516-044081B06028}.Release|x86.ActiveCfg = Release|Any CPU
		{F261C3D7-6194-4625-9516-044081B06028}.Release|x86.Build.0 = Release|Any CPU
		{45E67C4F-88DF-4617-ACB1-B54C5DBF8390}.arm|Any CPU.ActiveCfg = Release|Any CPU
		{45E67C4F-88DF-4617-ACB1-B54C5DBF8390}.arm|Any CPU.Build.0 = Release|Any CPU
		{45E67C4F-88DF-4617-ACB1-B54C5DBF8390}.arm|ARM.ActiveCfg = Release|Any CPU
		{45E67C4F-88DF-4617-ACB1-B54C5DBF8390}.arm|ARM.Build.0 = Release|Any CPU
		{45E67C4F-88DF-4617-ACB1-B54C5DBF8390}.arm|x64.ActiveCfg = Release|Any CPU
		{45E67C4F-88DF-4617-ACB1-B54C5DBF8390}.arm|x64.Build.0 = Release|Any CPU
		{45E67C4F-88DF-4617-ACB1-B54C5DBF8390}.arm|x86.ActiveCfg = Release|Any CPU
		{45E67C4F-88DF-4617-ACB1-B54C5DBF8390}.arm|x86.Build.0 = Release|Any CPU
		{45E67C4F-88DF-4617-ACB1-B54C5DBF8390}.Debug|Any CPU.ActiveCfg = Debug|Any CPU
		{45E67C4F-88DF-4617-ACB1-B54C5DBF8390}.Debug|Any CPU.Build.0 = Debug|Any CPU
		{45E67C4F-88DF-4617-ACB1-B54C5DBF8390}.Debug|ARM.ActiveCfg = Debug|Any CPU
		{45E67C4F-88DF-4617-ACB1-B54C5DBF8390}.Debug|ARM.Build.0 = Debug|Any CPU
		{45E67C4F-88DF-4617-ACB1-B54C5DBF8390}.Debug|x64.ActiveCfg = Debug|Any CPU
		{45E67C4F-88DF-4617-ACB1-B54C5DBF8390}.Debug|x64.Build.0 = Debug|Any CPU
		{45E67C4F-88DF-4617-ACB1-B54C5DBF8390}.Debug|x86.ActiveCfg = Debug|Any CPU
		{45E67C4F-88DF-4617-ACB1-B54C5DBF8390}.Debug|x86.Build.0 = Debug|Any CPU
		{45E67C4F-88DF-4617-ACB1-B54C5DBF8390}.DefaultBuild|Any CPU.ActiveCfg = Debug|Any CPU
		{45E67C4F-88DF-4617-ACB1-B54C5DBF8390}.DefaultBuild|Any CPU.Build.0 = Debug|Any CPU
		{45E67C4F-88DF-4617-ACB1-B54C5DBF8390}.DefaultBuild|ARM.ActiveCfg = Debug|Any CPU
		{45E67C4F-88DF-4617-ACB1-B54C5DBF8390}.DefaultBuild|ARM.Build.0 = Debug|Any CPU
		{45E67C4F-88DF-4617-ACB1-B54C5DBF8390}.DefaultBuild|x64.ActiveCfg = Debug|Any CPU
		{45E67C4F-88DF-4617-ACB1-B54C5DBF8390}.DefaultBuild|x64.Build.0 = Debug|Any CPU
		{45E67C4F-88DF-4617-ACB1-B54C5DBF8390}.DefaultBuild|x86.ActiveCfg = Debug|Any CPU
		{45E67C4F-88DF-4617-ACB1-B54C5DBF8390}.DefaultBuild|x86.Build.0 = Debug|Any CPU
		{45E67C4F-88DF-4617-ACB1-B54C5DBF8390}.r64|Any CPU.ActiveCfg = Release|Any CPU
		{45E67C4F-88DF-4617-ACB1-B54C5DBF8390}.r64|Any CPU.Build.0 = Release|Any CPU
		{45E67C4F-88DF-4617-ACB1-B54C5DBF8390}.r64|ARM.ActiveCfg = Release|Any CPU
		{45E67C4F-88DF-4617-ACB1-B54C5DBF8390}.r64|ARM.Build.0 = Release|Any CPU
		{45E67C4F-88DF-4617-ACB1-B54C5DBF8390}.r64|x64.ActiveCfg = Release|Any CPU
		{45E67C4F-88DF-4617-ACB1-B54C5DBF8390}.r64|x64.Build.0 = Release|Any CPU
		{45E67C4F-88DF-4617-ACB1-B54C5DBF8390}.r64|x86.ActiveCfg = Release|Any CPU
		{45E67C4F-88DF-4617-ACB1-B54C5DBF8390}.r64|x86.Build.0 = Release|Any CPU
		{45E67C4F-88DF-4617-ACB1-B54C5DBF8390}.r86|Any CPU.ActiveCfg = Release|Any CPU
		{45E67C4F-88DF-4617-ACB1-B54C5DBF8390}.r86|Any CPU.Build.0 = Release|Any CPU
		{45E67C4F-88DF-4617-ACB1-B54C5DBF8390}.r86|ARM.ActiveCfg = Release|Any CPU
		{45E67C4F-88DF-4617-ACB1-B54C5DBF8390}.r86|ARM.Build.0 = Release|Any CPU
		{45E67C4F-88DF-4617-ACB1-B54C5DBF8390}.r86|x64.ActiveCfg = Release|Any CPU
		{45E67C4F-88DF-4617-ACB1-B54C5DBF8390}.r86|x64.Build.0 = Release|Any CPU
		{45E67C4F-88DF-4617-ACB1-B54C5DBF8390}.r86|x86.ActiveCfg = Release|Any CPU
		{45E67C4F-88DF-4617-ACB1-B54C5DBF8390}.r86|x86.Build.0 = Release|Any CPU
		{45E67C4F-88DF-4617-ACB1-B54C5DBF8390}.Release|Any CPU.ActiveCfg = Release|Any CPU
		{45E67C4F-88DF-4617-ACB1-B54C5DBF8390}.Release|Any CPU.Build.0 = Release|Any CPU
		{45E67C4F-88DF-4617-ACB1-B54C5DBF8390}.Release|ARM.ActiveCfg = Release|Any CPU
		{45E67C4F-88DF-4617-ACB1-B54C5DBF8390}.Release|ARM.Build.0 = Release|Any CPU
		{45E67C4F-88DF-4617-ACB1-B54C5DBF8390}.Release|x64.ActiveCfg = Release|Any CPU
		{45E67C4F-88DF-4617-ACB1-B54C5DBF8390}.Release|x64.Build.0 = Release|Any CPU
		{45E67C4F-88DF-4617-ACB1-B54C5DBF8390}.Release|x86.ActiveCfg = Release|Any CPU
		{45E67C4F-88DF-4617-ACB1-B54C5DBF8390}.Release|x86.Build.0 = Release|Any CPU
		{4D253423-AE05-47F6-A59D-9162EC0BB1F2}.arm|Any CPU.ActiveCfg = Release|Any CPU
		{4D253423-AE05-47F6-A59D-9162EC0BB1F2}.arm|Any CPU.Build.0 = Release|Any CPU
		{4D253423-AE05-47F6-A59D-9162EC0BB1F2}.arm|ARM.ActiveCfg = Release|Any CPU
		{4D253423-AE05-47F6-A59D-9162EC0BB1F2}.arm|ARM.Build.0 = Release|Any CPU
		{4D253423-AE05-47F6-A59D-9162EC0BB1F2}.arm|x64.ActiveCfg = Release|Any CPU
		{4D253423-AE05-47F6-A59D-9162EC0BB1F2}.arm|x64.Build.0 = Release|Any CPU
		{4D253423-AE05-47F6-A59D-9162EC0BB1F2}.arm|x86.ActiveCfg = Release|Any CPU
		{4D253423-AE05-47F6-A59D-9162EC0BB1F2}.arm|x86.Build.0 = Release|Any CPU
		{4D253423-AE05-47F6-A59D-9162EC0BB1F2}.Debug|Any CPU.ActiveCfg = Debug|Any CPU
		{4D253423-AE05-47F6-A59D-9162EC0BB1F2}.Debug|Any CPU.Build.0 = Debug|Any CPU
		{4D253423-AE05-47F6-A59D-9162EC0BB1F2}.Debug|ARM.ActiveCfg = Debug|Any CPU
		{4D253423-AE05-47F6-A59D-9162EC0BB1F2}.Debug|ARM.Build.0 = Debug|Any CPU
		{4D253423-AE05-47F6-A59D-9162EC0BB1F2}.Debug|x64.ActiveCfg = Debug|Any CPU
		{4D253423-AE05-47F6-A59D-9162EC0BB1F2}.Debug|x64.Build.0 = Debug|Any CPU
		{4D253423-AE05-47F6-A59D-9162EC0BB1F2}.Debug|x86.ActiveCfg = Debug|Any CPU
		{4D253423-AE05-47F6-A59D-9162EC0BB1F2}.Debug|x86.Build.0 = Debug|Any CPU
		{4D253423-AE05-47F6-A59D-9162EC0BB1F2}.DefaultBuild|Any CPU.ActiveCfg = Debug|Any CPU
		{4D253423-AE05-47F6-A59D-9162EC0BB1F2}.DefaultBuild|Any CPU.Build.0 = Debug|Any CPU
		{4D253423-AE05-47F6-A59D-9162EC0BB1F2}.DefaultBuild|ARM.ActiveCfg = Debug|Any CPU
		{4D253423-AE05-47F6-A59D-9162EC0BB1F2}.DefaultBuild|ARM.Build.0 = Debug|Any CPU
		{4D253423-AE05-47F6-A59D-9162EC0BB1F2}.DefaultBuild|x64.ActiveCfg = Debug|Any CPU
		{4D253423-AE05-47F6-A59D-9162EC0BB1F2}.DefaultBuild|x64.Build.0 = Debug|Any CPU
		{4D253423-AE05-47F6-A59D-9162EC0BB1F2}.DefaultBuild|x86.ActiveCfg = Debug|Any CPU
		{4D253423-AE05-47F6-A59D-9162EC0BB1F2}.DefaultBuild|x86.Build.0 = Debug|Any CPU
		{4D253423-AE05-47F6-A59D-9162EC0BB1F2}.r64|Any CPU.ActiveCfg = Release|Any CPU
		{4D253423-AE05-47F6-A59D-9162EC0BB1F2}.r64|Any CPU.Build.0 = Release|Any CPU
		{4D253423-AE05-47F6-A59D-9162EC0BB1F2}.r64|ARM.ActiveCfg = Release|Any CPU
		{4D253423-AE05-47F6-A59D-9162EC0BB1F2}.r64|ARM.Build.0 = Release|Any CPU
		{4D253423-AE05-47F6-A59D-9162EC0BB1F2}.r64|x64.ActiveCfg = Release|Any CPU
		{4D253423-AE05-47F6-A59D-9162EC0BB1F2}.r64|x64.Build.0 = Release|Any CPU
		{4D253423-AE05-47F6-A59D-9162EC0BB1F2}.r64|x86.ActiveCfg = Release|Any CPU
		{4D253423-AE05-47F6-A59D-9162EC0BB1F2}.r64|x86.Build.0 = Release|Any CPU
		{4D253423-AE05-47F6-A59D-9162EC0BB1F2}.r86|Any CPU.ActiveCfg = Release|Any CPU
		{4D253423-AE05-47F6-A59D-9162EC0BB1F2}.r86|Any CPU.Build.0 = Release|Any CPU
		{4D253423-AE05-47F6-A59D-9162EC0BB1F2}.r86|ARM.ActiveCfg = Release|Any CPU
		{4D253423-AE05-47F6-A59D-9162EC0BB1F2}.r86|ARM.Build.0 = Release|Any CPU
		{4D253423-AE05-47F6-A59D-9162EC0BB1F2}.r86|x64.ActiveCfg = Release|Any CPU
		{4D253423-AE05-47F6-A59D-9162EC0BB1F2}.r86|x64.Build.0 = Release|Any CPU
		{4D253423-AE05-47F6-A59D-9162EC0BB1F2}.r86|x86.ActiveCfg = Release|Any CPU
		{4D253423-AE05-47F6-A59D-9162EC0BB1F2}.r86|x86.Build.0 = Release|Any CPU
		{4D253423-AE05-47F6-A59D-9162EC0BB1F2}.Release|Any CPU.ActiveCfg = Release|Any CPU
		{4D253423-AE05-47F6-A59D-9162EC0BB1F2}.Release|Any CPU.Build.0 = Release|Any CPU
		{4D253423-AE05-47F6-A59D-9162EC0BB1F2}.Release|ARM.ActiveCfg = Release|Any CPU
		{4D253423-AE05-47F6-A59D-9162EC0BB1F2}.Release|ARM.Build.0 = Release|Any CPU
		{4D253423-AE05-47F6-A59D-9162EC0BB1F2}.Release|x64.ActiveCfg = Release|Any CPU
		{4D253423-AE05-47F6-A59D-9162EC0BB1F2}.Release|x64.Build.0 = Release|Any CPU
		{4D253423-AE05-47F6-A59D-9162EC0BB1F2}.Release|x86.ActiveCfg = Release|Any CPU
		{4D253423-AE05-47F6-A59D-9162EC0BB1F2}.Release|x86.Build.0 = Release|Any CPU
		{D447642C-A85F-4AB0-96D9-C66CFF91AADA}.arm|Any CPU.ActiveCfg = Release|Any CPU
		{D447642C-A85F-4AB0-96D9-C66CFF91AADA}.arm|Any CPU.Build.0 = Release|Any CPU
		{D447642C-A85F-4AB0-96D9-C66CFF91AADA}.arm|ARM.ActiveCfg = Release|Any CPU
		{D447642C-A85F-4AB0-96D9-C66CFF91AADA}.arm|ARM.Build.0 = Release|Any CPU
		{D447642C-A85F-4AB0-96D9-C66CFF91AADA}.arm|x64.ActiveCfg = Release|Any CPU
		{D447642C-A85F-4AB0-96D9-C66CFF91AADA}.arm|x64.Build.0 = Release|Any CPU
		{D447642C-A85F-4AB0-96D9-C66CFF91AADA}.arm|x86.ActiveCfg = Release|Any CPU
		{D447642C-A85F-4AB0-96D9-C66CFF91AADA}.arm|x86.Build.0 = Release|Any CPU
		{D447642C-A85F-4AB0-96D9-C66CFF91AADA}.Debug|Any CPU.ActiveCfg = Debug|Any CPU
		{D447642C-A85F-4AB0-96D9-C66CFF91AADA}.Debug|Any CPU.Build.0 = Debug|Any CPU
		{D447642C-A85F-4AB0-96D9-C66CFF91AADA}.Debug|ARM.ActiveCfg = Debug|Any CPU
		{D447642C-A85F-4AB0-96D9-C66CFF91AADA}.Debug|ARM.Build.0 = Debug|Any CPU
		{D447642C-A85F-4AB0-96D9-C66CFF91AADA}.Debug|x64.ActiveCfg = Debug|Any CPU
		{D447642C-A85F-4AB0-96D9-C66CFF91AADA}.Debug|x64.Build.0 = Debug|Any CPU
		{D447642C-A85F-4AB0-96D9-C66CFF91AADA}.Debug|x86.ActiveCfg = Debug|Any CPU
		{D447642C-A85F-4AB0-96D9-C66CFF91AADA}.Debug|x86.Build.0 = Debug|Any CPU
		{D447642C-A85F-4AB0-96D9-C66CFF91AADA}.DefaultBuild|Any CPU.ActiveCfg = Debug|Any CPU
		{D447642C-A85F-4AB0-96D9-C66CFF91AADA}.DefaultBuild|Any CPU.Build.0 = Debug|Any CPU
		{D447642C-A85F-4AB0-96D9-C66CFF91AADA}.DefaultBuild|ARM.ActiveCfg = Debug|Any CPU
		{D447642C-A85F-4AB0-96D9-C66CFF91AADA}.DefaultBuild|ARM.Build.0 = Debug|Any CPU
		{D447642C-A85F-4AB0-96D9-C66CFF91AADA}.DefaultBuild|x64.ActiveCfg = Debug|Any CPU
		{D447642C-A85F-4AB0-96D9-C66CFF91AADA}.DefaultBuild|x64.Build.0 = Debug|Any CPU
		{D447642C-A85F-4AB0-96D9-C66CFF91AADA}.DefaultBuild|x86.ActiveCfg = Debug|Any CPU
		{D447642C-A85F-4AB0-96D9-C66CFF91AADA}.DefaultBuild|x86.Build.0 = Debug|Any CPU
		{D447642C-A85F-4AB0-96D9-C66CFF91AADA}.r64|Any CPU.ActiveCfg = Release|Any CPU
		{D447642C-A85F-4AB0-96D9-C66CFF91AADA}.r64|Any CPU.Build.0 = Release|Any CPU
		{D447642C-A85F-4AB0-96D9-C66CFF91AADA}.r64|ARM.ActiveCfg = Release|Any CPU
		{D447642C-A85F-4AB0-96D9-C66CFF91AADA}.r64|ARM.Build.0 = Release|Any CPU
		{D447642C-A85F-4AB0-96D9-C66CFF91AADA}.r64|x64.ActiveCfg = Release|Any CPU
		{D447642C-A85F-4AB0-96D9-C66CFF91AADA}.r64|x64.Build.0 = Release|Any CPU
		{D447642C-A85F-4AB0-96D9-C66CFF91AADA}.r64|x86.ActiveCfg = Release|Any CPU
		{D447642C-A85F-4AB0-96D9-C66CFF91AADA}.r64|x86.Build.0 = Release|Any CPU
		{D447642C-A85F-4AB0-96D9-C66CFF91AADA}.r86|Any CPU.ActiveCfg = Release|Any CPU
		{D447642C-A85F-4AB0-96D9-C66CFF91AADA}.r86|Any CPU.Build.0 = Release|Any CPU
		{D447642C-A85F-4AB0-96D9-C66CFF91AADA}.r86|ARM.ActiveCfg = Release|Any CPU
		{D447642C-A85F-4AB0-96D9-C66CFF91AADA}.r86|ARM.Build.0 = Release|Any CPU
		{D447642C-A85F-4AB0-96D9-C66CFF91AADA}.r86|x64.ActiveCfg = Release|Any CPU
		{D447642C-A85F-4AB0-96D9-C66CFF91AADA}.r86|x64.Build.0 = Release|Any CPU
		{D447642C-A85F-4AB0-96D9-C66CFF91AADA}.r86|x86.ActiveCfg = Release|Any CPU
		{D447642C-A85F-4AB0-96D9-C66CFF91AADA}.r86|x86.Build.0 = Release|Any CPU
		{D447642C-A85F-4AB0-96D9-C66CFF91AADA}.Release|Any CPU.ActiveCfg = Release|Any CPU
		{D447642C-A85F-4AB0-96D9-C66CFF91AADA}.Release|Any CPU.Build.0 = Release|Any CPU
		{D447642C-A85F-4AB0-96D9-C66CFF91AADA}.Release|ARM.ActiveCfg = Release|Any CPU
		{D447642C-A85F-4AB0-96D9-C66CFF91AADA}.Release|ARM.Build.0 = Release|Any CPU
		{D447642C-A85F-4AB0-96D9-C66CFF91AADA}.Release|x64.ActiveCfg = Release|Any CPU
		{D447642C-A85F-4AB0-96D9-C66CFF91AADA}.Release|x64.Build.0 = Release|Any CPU
		{D447642C-A85F-4AB0-96D9-C66CFF91AADA}.Release|x86.ActiveCfg = Release|Any CPU
		{D447642C-A85F-4AB0-96D9-C66CFF91AADA}.Release|x86.Build.0 = Release|Any CPU
	EndGlobalSection
	GlobalSection(SolutionProperties) = preSolution
		HideSolutionNode = FALSE
	EndGlobalSection
EndGlobal
